
Microsoft Visual Studio Solution File, Format Version 12.00
# Visual Studio 15
VisualStudioVersion = 15.0.28307.572
MinimumVisualStudioVersion = 10.0.40219.1
Project("{FAE04EC0-301F-11D3-BF4B-00C04F79EFBC}") = "NaviagationViewDemo.Android", "NaviagationViewDemo\NaviagationViewDemo.Android\NaviagationViewDemo.Android.csproj", "{4E1F56F6-1783-4357-A5C9-25AFC2098430}"
EndProject
Project("{FAE04EC0-301F-11D3-BF4B-00C04F79EFBC}") = "NaviagationViewDemo.iOS", "NaviagationViewDemo\NaviagationViewDemo.iOS\NaviagationViewDemo.iOS.csproj", "{E6DA5DF7-9EF5-43E7-A5E0-9E904375D737}"
EndProject
Project("{FAE04EC0-301F-11D3-BF4B-00C04F79EFBC}") = "NaviagationViewDemo", "NaviagationViewDemo\NaviagationViewDemo\NaviagationViewDemo.csproj", "{57989D63-EBB4-4E1B-A2EE-DF4F33D4D916}"
EndProject
Global
	GlobalSection(SolutionConfigurationPlatforms) = preSolution
		Ad-Hoc|Any CPU = Ad-Hoc|Any CPU
		Ad-Hoc|iPhone = Ad-Hoc|iPhone
		Ad-Hoc|iPhoneSimulator = Ad-Hoc|iPhoneSimulator
		AppStore|Any CPU = AppStore|Any CPU
		AppStore|iPhone = AppStore|iPhone
		AppStore|iPhoneSimulator = AppStore|iPhoneSimulator
		Debug|Any CPU = Debug|Any CPU
		Debug|iPhone = Debug|iPhone
		Debug|iPhoneSimulator = Debug|iPhoneSimulator
		Release|Any CPU = Release|Any CPU
		Release|iPhone = Release|iPhone
		Release|iPhoneSimulator = Release|iPhoneSimulator
	EndGlobalSection
	GlobalSection(ProjectConfigurationPlatforms) = postSolution
		{4E1F56F6-1783-4357-A5C9-25AFC2098430}.Ad-Hoc|Any CPU.ActiveCfg = Release|Any CPU
		{4E1F56F6-1783-4357-A5C9-25AFC2098430}.Ad-Hoc|Any CPU.Build.0 = Release|Any CPU
		{4E1F56F6-1783-4357-A5C9-25AFC2098430}.Ad-Hoc|Any CPU.Deploy.0 = Release|Any CPU
		{4E1F56F6-1783-4357-A5C9-25AFC2098430}.Ad-Hoc|iPhone.ActiveCfg = Release|Any CPU
		{4E1F56F6-1783-4357-A5C9-25AFC2098430}.Ad-Hoc|iPhone.Build.0 = Release|Any CPU
		{4E1F56F6-1783-4357-A5C9-25AFC2098430}.Ad-Hoc|iPhone.Deploy.0 = Release|Any CPU
		{4E1F56F6-1783-4357-A5C9-25AFC2098430}.Ad-Hoc|iPhoneSimulator.ActiveCfg = Release|Any CPU
		{4E1F56F6-1783-4357-A5C9-25AFC2098430}.Ad-Hoc|iPhoneSimulator.Build.0 = Release|Any CPU
		{4E1F56F6-1783-4357-A5C9-25AFC2098430}.Ad-Hoc|iPhoneSimulator.Deploy.0 = Release|Any CPU
		{4E1F56F6-1783-4357-A5C9-25AFC2098430}.AppStore|Any CPU.ActiveCfg = Release|Any CPU
		{4E1F56F6-1783-4357-A5C9-25AFC2098430}.AppStore|Any CPU.Build.0 = Release|Any CPU
		{4E1F56F6-1783-4357-A5C9-25AFC2098430}.AppStore|Any CPU.Deploy.0 = Release|Any CPU
		{4E1F56F6-1783-4357-A5C9-25AFC2098430}.AppStore|iPhone.ActiveCfg = Release|Any CPU
		{4E1F56F6-1783-4357-A5C9-25AFC2098430}.AppStore|iPhone.Build.0 = Release|Any CPU
		{4E1F56F6-1783-4357-A5C9-25AFC2098430}.AppStore|iPhone.Deploy.0 = Release|Any CPU
		{4E1F56F6-1783-4357-A5C9-25AFC2098430}.AppStore|iPhoneSimulator.ActiveCfg = Release|Any CPU
		{4E1F56F6-1783-4357-A5C9-25AFC2098430}.AppStore|iPhoneSimulator.Build.0 = Release|Any CPU
		{4E1F56F6-1783-4357-A5C9-25AFC2098430}.AppStore|iPhoneSimulator.Deploy.0 = Release|Any CPU
		{4E1F56F6-1783-4357-A5C9-25AFC2098430}.Debug|Any CPU.ActiveCfg = Debug|Any CPU
		{4E1F56F6-1783-4357-A5C9-25AFC2098430}.Debug|Any CPU.Build.0 = Debug|Any CPU
		{4E1F56F6-1783-4357-A5C9-25AFC2098430}.Debug|Any CPU.Deploy.0 = Debug|Any CPU
		{4E1F56F6-1783-4357-A5C9-25AFC2098430}.Debug|iPhone.ActiveCfg = Debug|Any CPU
		{4E1F56F6-1783-4357-A5C9-25AFC2098430}.Debug|iPhone.Build.0 = Debug|Any CPU
		{4E1F56F6-1783-4357-A5C9-25AFC2098430}.Debug|iPhone.Deploy.0 = Debug|Any CPU
		{4E1F56F6-1783-4357-A5C9-25AFC2098430}.Debug|iPhoneSimulator.ActiveCfg = Debug|Any CPU
		{4E1F56F6-1783-4357-A5C9-25AFC2098430}.Debug|iPhoneSimulator.Build.0 = Debug|Any CPU
		{4E1F56F6-1783-4357-A5C9-25AFC2098430}.Debug|iPhoneSimulator.Deploy.0 = Debug|Any CPU
		{4E1F56F6-1783-4357-A5C9-25AFC2098430}.Release|Any CPU.ActiveCfg = Release|Any CPU
		{4E1F56F6-1783-4357-A5C9-25AFC2098430}.Release|Any CPU.Build.0 = Release|Any CPU
		{4E1F56F6-1783-4357-A5C9-25AFC2098430}.Release|Any CPU.Deploy.0 = Release|Any CPU
		{4E1F56F6-1783-4357-A5C9-25AFC2098430}.Release|iPhone.ActiveCfg = Release|Any CPU
		{4E1F56F6-1783-4357-A5C9-25AFC2098430}.Release|iPhone.Build.0 = Release|Any CPU
		{4E1F56F6-1783-4357-A5C9-25AFC2098430}.Release|iPhone.Deploy.0 = Release|Any CPU
		{4E1F56F6-1783-4357-A5C9-25AFC2098430}.Release|iPhoneSimulator.ActiveCfg = Release|Any CPU
		{4E1F56F6-1783-4357-A5C9-25AFC2098430}.Release|iPhoneSimulator.Build.0 = Release|Any CPU
		{4E1F56F6-1783-4357-A5C9-25AFC2098430}.Release|iPhoneSimulator.Deploy.0 = Release|Any CPU
		{E6DA5DF7-9EF5-43E7-A5E0-9E904375D737}.Ad-Hoc|Any CPU.ActiveCfg = Ad-Hoc|iPhone
		{E6DA5DF7-9EF5-43E7-A5E0-9E904375D737}.Ad-Hoc|Any CPU.Build.0 = Ad-Hoc|iPhone
		{E6DA5DF7-9EF5-43E7-A5E0-9E904375D737}.Ad-Hoc|Any CPU.Deploy.0 = Ad-Hoc|iPhone
		{E6DA5DF7-9EF5-43E7-A5E0-9E904375D737}.Ad-Hoc|iPhone.ActiveCfg = Ad-Hoc|iPhone
		{E6DA5DF7-9EF5-43E7-A5E0-9E904375D737}.Ad-Hoc|iPhone.Build.0 = Ad-Hoc|iPhone
		{E6DA5DF7-9EF5-43E7-A5E0-9E904375D737}.Ad-Hoc|iPhone.Deploy.0 = Ad-Hoc|iPhone
		{E6DA5DF7-9EF5-43E7-A5E0-9E904375D737}.Ad-Hoc|iPhoneSimulator.ActiveCfg = Ad-Hoc|iPhoneSimulator
		{E6DA5DF7-9EF5-43E7-A5E0-9E904375D737}.Ad-Hoc|iPhoneSimulator.Build.0 = Ad-Hoc|iPhoneSimulator
		{E6DA5DF7-9EF5-43E7-A5E0-9E904375D737}.Ad-Hoc|iPhoneSimulator.Deploy.0 = Ad-Hoc|iPhoneSimulator
		{E6DA5DF7-9EF5-43E7-A5E0-9E904375D737}.AppStore|Any CPU.ActiveCfg = AppStore|iPhone
		{E6DA5DF7-9EF5-43E7-A5E0-9E904375D737}.AppStore|Any CPU.Build.0 = AppStore|iPhone
		{E6DA5DF7-9EF5-43E7-A5E0-9E904375D737}.AppStore|Any CPU.Deploy.0 = AppStore|iPhone
		{E6DA5DF7-9EF5-43E7-A5E0-9E904375D737}.AppStore|iPhone.ActiveCfg = AppStore|iPhone
		{E6DA5DF7-9EF5-43E7-A5E0-9E904375D737}.AppStore|iPhone.Build.0 = AppStore|iPhone
		{E6DA5DF7-9EF5-43E7-A5E0-9E904375D737}.AppStore|iPhone.Deploy.0 = AppStore|iPhone
		{E6DA5DF7-9EF5-43E7-A5E0-9E904375D737}.AppStore|iPhoneSimulator.ActiveCfg = AppStore|iPhoneSimulator
		{E6DA5DF7-9EF5-43E7-A5E0-9E904375D737}.AppStore|iPhoneSimulator.Build.0 = AppStore|iPhoneSimulator
		{E6DA5DF7-9EF5-43E7-A5E0-9E904375D737}.AppStore|iPhoneSimulator.Deploy.0 = AppStore|iPhoneSimulator
		{E6DA5DF7-9EF5-43E7-A5E0-9E904375D737}.Debug|Any CPU.ActiveCfg = Debug|iPhoneSimulator
		{E6DA5DF7-9EF5-43E7-A5E0-9E904375D737}.Debug|Any CPU.Build.0 = Debug|iPhoneSimulator
		{E6DA5DF7-9EF5-43E7-A5E0-9E904375D737}.Debug|Any CPU.Deploy.0 = Debug|iPhoneSimulator
		{E6DA5DF7-9EF5-43E7-A5E0-9E904375D737}.Debug|iPhone.ActiveCfg = Debug|iPhone
		{E6DA5DF7-9EF5-43E7-A5E0-9E904375D737}.Debug|iPhone.Build.0 = Debug|iPhone
		{E6DA5DF7-9EF5-43E7-A5E0-9E904375D737}.Debug|iPhone.Deploy.0 = Debug|iPhone
		{E6DA5DF7-9EF5-43E7-A5E0-9E904375D737}.Debug|iPhoneSimulator.ActiveCfg = Debug|iPhoneSimulator
		{E6DA5DF7-9EF5-43E7-A5E0-9E904375D737}.Debug|iPhoneSimulator.Build.0 = Debug|iPhoneSimulator
		{E6DA5DF7-9EF5-43E7-A5E0-9E904375D737}.Debug|iPhoneSimulator.Deploy.0 = Debug|iPhoneSimulator
		{E6DA5DF7-9EF5-43E7-A5E0-9E904375D737}.Release|Any CPU.ActiveCfg = Release|iPhone
		{E6DA5DF7-9EF5-43E7-A5E0-9E904375D737}.Release|Any CPU.Build.0 = Release|iPhone
		{E6DA5DF7-9EF5-43E7-A5E0-9E904375D737}.Release|Any CPU.Deploy.0 = Release|iPhone
		{E6DA5DF7-9EF5-43E7-A5E0-9E904375D737}.Release|iPhone.ActiveCfg = Release|iPhone
		{E6DA5DF7-9EF5-43E7-A5E0-9E904375D737}.Release|iPhone.Build.0 = Release|iPhone
		{E6DA5DF7-9EF5-43E7-A5E0-9E904375D737}.Release|iPhone.Deploy.0 = Release|iPhone
		{E6DA5DF7-9EF5-43E7-A5E0-9E904375D737}.Release|iPhoneSimulator.ActiveCfg = Release|iPhoneSimulator
		{E6DA5DF7-9EF5-43E7-A5E0-9E904375D737}.Release|iPhoneSimulator.Build.0 = Release|iPhoneSimulator
		{E6DA5DF7-9EF5-43E7-A5E0-9E904375D737}.Release|iPhoneSimulator.Deploy.0 = Release|iPhoneSimulator
		{57989D63-EBB4-4E1B-A2EE-DF4F33D4D916}.Ad-Hoc|Any CPU.ActiveCfg = Debug|Any CPU
		{57989D63-EBB4-4E1B-A2EE-DF4F33D4D916}.Ad-Hoc|Any CPU.Build.0 = Debug|Any CPU
		{57989D63-EBB4-4E1B-A2EE-DF4F33D4D916}.Ad-Hoc|Any CPU.Deploy.0 = Debug|Any CPU
		{57989D63-EBB4-4E1B-A2EE-DF4F33D4D916}.Ad-Hoc|iPhone.ActiveCfg = Debug|Any CPU
		{57989D63-EBB4-4E1B-A2EE-DF4F33D4D916}.Ad-Hoc|iPhone.Build.0 = Debug|Any CPU
		{57989D63-EBB4-4E1B-A2EE-DF4F33D4D916}.Ad-Hoc|iPhone.Deploy.0 = Debug|Any CPU
		{57989D63-EBB4-4E1B-A2EE-DF4F33D4D916}.Ad-Hoc|iPhoneSimulator.ActiveCfg = Debug|Any CPU
		{57989D63-EBB4-4E1B-A2EE-DF4F33D4D916}.Ad-Hoc|iPhoneSimulator.Build.0 = Debug|Any CPU
		{57989D63-EBB4-4E1B-A2EE-DF4F33D4D916}.Ad-Hoc|iPhoneSimulator.Deploy.0 = Debug|Any CPU
		{57989D63-EBB4-4E1B-A2EE-DF4F33D4D916}.AppStore|Any CPU.ActiveCfg = Debug|Any CPU
		{57989D63-EBB4-4E1B-A2EE-DF4F33D4D916}.AppStore|Any CPU.Build.0 = Debug|Any CPU
		{57989D63-EBB4-4E1B-A2EE-DF4F33D4D916}.AppStore|Any CPU.Deploy.0 = Debug|Any CPU
		{57989D63-EBB4-4E1B-A2EE-DF4F33D4D916}.AppStore|iPhone.ActiveCfg = Debug|Any CPU
		{57989D63-EBB4-4E1B-A2EE-DF4F33D4D916}.AppStore|iPhone.Build.0 = Debug|Any CPU
		{57989D63-EBB4-4E1B-A2EE-DF4F33D4D916}.AppStore|iPhone.Deploy.0 = Debug|Any CPU
		{57989D63-EBB4-4E1B-A2EE-DF4F33D4D916}.AppStore|iPhoneSimulator.ActiveCfg = Debug|Any CPU
		{57989D63-EBB4-4E1B-A2EE-DF4F33D4D916}.AppStore|iPhoneSimulator.Build.0 = Debug|Any CPU
		{57989D63-EBB4-4E1B-A2EE-DF4F33D4D916}.AppStore|iPhoneSimulator.Deploy.0 = Debug|Any CPU
		{57989D63-EBB4-4E1B-A2EE-DF4F33D4D916}.Debug|Any CPU.ActiveCfg = Debug|Any CPU
		{57989D63-EBB4-4E1B-A2EE-DF4F33D4D916}.Debug|Any CPU.Build.0 = Debug|Any CPU
		{57989D63-EBB4-4E1B-A2EE-DF4F33D4D916}.Debug|Any CPU.Deploy.0 = Debug|Any CPU
		{57989D63-EBB4-4E1B-A2EE-DF4F33D4D916}.Debug|iPhone.ActiveCfg = Debug|Any CPU
		{57989D63-EBB4-4E1B-A2EE-DF4F33D4D916}.Debug|iPhone.Build.0 = Debug|Any CPU
		{57989D63-EBB4-4E1B-A2EE-DF4F33D4D916}.Debug|iPhone.Deploy.0 = Debug|Any CPU
		{57989D63-EBB4-4E1B-A2EE-DF4F33D4D916}.Debug|iPhoneSimulator.ActiveCfg = Debug|Any CPU
		{57989D63-EBB4-4E1B-A2EE-DF4F33D4D916}.Debug|iPhoneSimulator.Build.0 = Debug|Any CPU
		{57989D63-EBB4-4E1B-A2EE-DF4F33D4D916}.Debug|iPhoneSimulator.Deploy.0 = Debug|Any CPU
		{57989D63-EBB4-4E1B-A2EE-DF4F33D4D916}.Release|Any CPU.ActiveCfg = Release|Any CPU
		{57989D63-EBB4-4E1B-A2EE-DF4F33D4D916}.Release|Any CPU.Build.0 = Release|Any CPU
		{57989D63-EBB4-4E1B-A2EE-DF4F33D4D916}.Release|Any CPU.Deploy.0 = Release|Any CPU
		{57989D63-EBB4-4E1B-A2EE-DF4F33D4D916}.Release|iPhone.ActiveCfg = Release|Any CPU
		{57989D63-EBB4-4E1B-A2EE-DF4F33D4D916}.Release|iPhone.Build.0 = Release|Any CPU
		{57989D63-EBB4-4E1B-A2EE-DF4F33D4D916}.Release|iPhone.Deploy.0 = Release|Any CPU
		{57989D63-EBB4-4E1B-A2EE-DF4F33D4D916}.Release|iPhoneSimulator.ActiveCfg = Release|Any CPU
		{57989D63-EBB4-4E1B-A2EE-DF4F33D4D916}.Release|iPhoneSimulator.Build.0 = Release|Any CPU
		{57989D63-EBB4-4E1B-A2EE-DF4F33D4D916}.Release|iPhoneSimulator.Deploy.0 = Release|Any CPU
	EndGlobalSection
	GlobalSection(SolutionProperties) = preSolution
		HideSolutionNode = FALSE
	EndGlobalSection
	GlobalSection(ExtensibilityGlobals) = postSolution
		SolutionGuid = {78146ECF-6892-46F3-BFFD-2A43BEE9C907}
	EndGlobalSection
EndGlobal
